
Microsoft Visual Studio Solution File, Format Version 12.00
# Visual Studio Version 16
VisualStudioVersion = 16.0.30907.101
MinimumVisualStudioVersion = 10.0.40219.1
Project("{2150E333-8FDC-42A3-9474-1A3956D46DE8}") = "1-Application", "1-Application", "{C60ED200-6C1B-4C20-A93F-F9A3782A6F65}"
EndProject
Project("{2150E333-8FDC-42A3-9474-1A3956D46DE8}") = "2-Domain", "2-Domain", "{F1679035-4977-4BA1-B2BE-7E01D667A8A9}"
EndProject
Project("{2150E333-8FDC-42A3-9474-1A3956D46DE8}") = "3-Service", "3-Service", "{9ED82F4B-3A92-40B4-8A32-B86718CD6BB0}"
EndProject
Project("{2150E333-8FDC-42A3-9474-1A3956D46DE8}") = "4-Infra", "4-Infra", "{563F6957-E8C4-4B5E-BF23-3526A2ADB0F2}"
EndProject
Project("{2150E333-8FDC-42A3-9474-1A3956D46DE8}") = "4.1-Data", "4.1-Data", "{9A1636F9-B6FA-4D21-BA57-0E96777DDBC4}"
EndProject
Project("{2150E333-8FDC-42A3-9474-1A3956D46DE8}") = "4.2-CrossCutting", "4.2-CrossCutting", "{7158EEA1-CCEF-42A3-86CF-325627B0A800}"
EndProject
Project("{FAE04EC0-301F-11D3-BF4B-00C04F79EFBC}") = "Application", "Application\Application.csproj", "{8C26DFC4-BE9C-4CC6-9424-178F1E5F9BC7}"
EndProject
Project("{FAE04EC0-301F-11D3-BF4B-00C04F79EFBC}") = "Domain", "Domain\Domain.csproj", "{84396C04-21D3-441C-82DE-1717B94AB1C1}"
EndProject
Project("{FAE04EC0-301F-11D3-BF4B-00C04F79EFBC}") = "Service", "Service\Service.csproj", "{4F8BF878-75E7-4BDB-B384-DD5B8553271F}"
EndProject
Project("{FAE04EC0-301F-11D3-BF4B-00C04F79EFBC}") = "Infra.Data", "Infra.Data\Infra.Data.csproj", "{A80AA162-9202-49E7-BA70-9772A9B38F1A}"
EndProject
Project("{FAE04EC0-301F-11D3-BF4B-00C04F79EFBC}") = "Infra.CrossCutting", "Infra.CrossCutting\Infra.CrossCutting.csproj", "{F55D1613-454D-4FD4-8DD9-9EFA6690D803}"
EndProject
Global
	GlobalSection(SolutionConfigurationPlatforms) = preSolution
		Debug|Any CPU = Debug|Any CPU
		Release|Any CPU = Release|Any CPU
	EndGlobalSection
	GlobalSection(ProjectConfigurationPlatforms) = postSolution
		{8C26DFC4-BE9C-4CC6-9424-178F1E5F9BC7}.Debug|Any CPU.ActiveCfg = Debug|Any CPU
		{8C26DFC4-BE9C-4CC6-9424-178F1E5F9BC7}.Debug|Any CPU.Build.0 = Debug|Any CPU
		{8C26DFC4-BE9C-4CC6-9424-178F1E5F9BC7}.Release|Any CPU.ActiveCfg = Release|Any CPU
		{8C26DFC4-BE9C-4CC6-9424-178F1E5F9BC7}.Release|Any CPU.Build.0 = Release|Any CPU
		{84396C04-21D3-441C-82DE-1717B94AB1C1}.Debug|Any CPU.ActiveCfg = Debug|Any CPU
		{84396C04-21D3-441C-82DE-1717B94AB1C1}.Debug|Any CPU.Build.0 = Debug|Any CPU
		{84396C04-21D3-441C-82DE-1717B94AB1C1}.Release|Any CPU.ActiveCfg = Release|Any CPU
		{84396C04-21D3-441C-82DE-1717B94AB1C1}.Release|Any CPU.Build.0 = Release|Any CPU
		{4F8BF878-75E7-4BDB-B384-DD5B8553271F}.Debug|Any CPU.ActiveCfg = Debug|Any CPU
		{4F8BF878-75E7-4BDB-B384-DD5B8553271F}.Debug|Any CPU.Build.0 = Debug|Any CPU
		{4F8BF878-75E7-4BDB-B384-DD5B8553271F}.Release|Any CPU.ActiveCfg = Release|Any CPU
		{4F8BF878-75E7-4BDB-B384-DD5B8553271F}.Release|Any CPU.Build.0 = Release|Any CPU
		{A80AA162-9202-49E7-BA70-9772A9B38F1A}.Debug|Any CPU.ActiveCfg = Debug|Any CPU
		{A80AA162-9202-49E7-BA70-9772A9B38F1A}.Debug|Any CPU.Build.0 = Debug|Any CPU
		{A80AA162-9202-49E7-BA70-9772A9B38F1A}.Release|Any CPU.ActiveCfg = Release|Any CPU
		{A80AA162-9202-49E7-BA70-9772A9B38F1A}.Release|Any CPU.Build.0 = Release|Any CPU
		{F55D1613-454D-4FD4-8DD9-9EFA6690D803}.Debug|Any CPU.ActiveCfg = Debug|Any CPU
		{F55D1613-454D-4FD4-8DD9-9EFA6690D803}.Debug|Any CPU.Build.0 = Debug|Any CPU
		{F55D1613-454D-4FD4-8DD9-9EFA6690D803}.Release|Any CPU.ActiveCfg = Release|Any CPU
		{F55D1613-454D-4FD4-8DD9-9EFA6690D803}.Release|Any CPU.Build.0 = Release|Any CPU
	EndGlobalSection
	GlobalSection(SolutionProperties) = preSolution
		HideSolutionNode = FALSE
	EndGlobalSection
	GlobalSection(NestedProjects) = preSolution
		{9A1636F9-B6FA-4D21-BA57-0E96777DDBC4} = {563F6957-E8C4-4B5E-BF23-3526A2ADB0F2}
		{7158EEA1-CCEF-42A3-86CF-325627B0A800} = {563F6957-E8C4-4B5E-BF23-3526A2ADB0F2}
		{8C26DFC4-BE9C-4CC6-9424-178F1E5F9BC7} = {C60ED200-6C1B-4C20-A93F-F9A3782A6F65}
		{84396C04-21D3-441C-82DE-1717B94AB1C1} = {F1679035-4977-4BA1-B2BE-7E01D667A8A9}
		{4F8BF878-75E7-4BDB-B384-DD5B8553271F} = {9ED82F4B-3A92-40B4-8A32-B86718CD6BB0}
		{A80AA162-9202-49E7-BA70-9772A9B38F1A} = {9A1636F9-B6FA-4D21-BA57-0E96777DDBC4}
		{F55D1613-454D-4FD4-8DD9-9EFA6690D803} = {7158EEA1-CCEF-42A3-86CF-325627B0A800}
	EndGlobalSection
	GlobalSection(ExtensibilityGlobals) = postSolution
		SolutionGuid = {3B021CD9-FB91-4D0C-B895-8A20C80AA101}
	EndGlobalSection
EndGlobal
